
Microsoft Visual Studio Solution File, Format Version 12.00
# Visual Studio Version 17
VisualStudioVersion = 17.4.33213.308
MinimumVisualStudioVersion = 10.0.40219.1
Project("{FAE04EC0-301F-11D3-BF4B-00C04F79EFBC}") = "StringUtility", "StringUtility\StringUtility.csproj", "{C57934E2-08E4-4A09-95E3-300360033FE8}"
EndProject
Project("{FAE04EC0-301F-11D3-BF4B-00C04F79EFBC}") = "TestStringUtility", "StringUtilityTests\TestStringUtility.csproj", "{9A9471EC-66EE-4170-8EB4-DAAA81A191C4}"
EndProject
Global
	GlobalSection(SolutionConfigurationPlatforms) = preSolution
		Debug|Any CPU = Debug|Any CPU
		Release|Any CPU = Release|Any CPU
	EndGlobalSection
	GlobalSection(ProjectConfigurationPlatforms) = postSolution
		{C57934E2-08E4-4A09-95E3-300360033FE8}.Debug|Any CPU.ActiveCfg = Debug|Any CPU
		{C57934E2-08E4-4A09-95E3-300360033FE8}.Debug|Any CPU.Build.0 = Debug|Any CPU
		{C57934E2-08E4-4A09-95E3-300360033FE8}.Release|Any CPU.ActiveCfg = Release|Any CPU
		{C57934E2-08E4-4A09-95E3-300360033FE8}.Release|Any CPU.Build.0 = Release|Any CPU
		{9A9471EC-66EE-4170-8EB4-DAAA81A191C4}.Debug|Any CPU.ActiveCfg = Debug|Any CPU
		{9A9471EC-66EE-4170-8EB4-DAAA81A191C4}.Debug|Any CPU.Build.0 = Debug|Any CPU
		{9A9471EC-66EE-4170-8EB4-DAAA81A191C4}.Release|Any CPU.ActiveCfg = Release|Any CPU
		{9A9471EC-66EE-4170-8EB4-DAAA81A191C4}.Release|Any CPU.Build.0 = Release|Any CPU
	EndGlobalSection
	GlobalSection(SolutionProperties) = preSolution
		HideSolutionNode = FALSE
	EndGlobalSection
	GlobalSection(ExtensibilityGlobals) = postSolution
		SolutionGuid = {29EE2512-4FC3-49BD-BBD0-0E52FD6A7158}
	EndGlobalSection
EndGlobal
